
Microsoft Visual Studio Solution File, Format Version 12.00
# Visual Studio Version 16
VisualStudioVersion = 25.0.1706.7
MinimumVisualStudioVersion = 10.0.40219.1
Project("{FAE04EC0-301F-11D3-BF4B-00C04F79EFBC}") = "Naghoos", "Naghoos.csproj", "{6872F07C-E3F4-4054-901A-19A312E72740}"
EndProject
Global
	GlobalSection(SolutionConfigurationPlatforms) = preSolution
		Debug|Any CPU = Debug|Any CPU
		Release|Any CPU = Release|Any CPU
	EndGlobalSection
	GlobalSection(ProjectConfigurationPlatforms) = postSolution
		{6872F07C-E3F4-4054-901A-19A312E72740}.Debug|Any CPU.ActiveCfg = Debug|Any CPU
		{6872F07C-E3F4-4054-901A-19A312E72740}.Debug|Any CPU.Build.0 = Debug|Any CPU
		{6872F07C-E3F4-4054-901A-19A312E72740}.Release|Any CPU.ActiveCfg = Release|Any CPU
		{6872F07C-E3F4-4054-901A-19A312E72740}.Release|Any CPU.Build.0 = Release|Any CPU
	EndGlobalSection
	GlobalSection(SolutionProperties) = preSolution
		HideSolutionNode = FALSE
	EndGlobalSection
	GlobalSection(ExtensibilityGlobals) = postSolution
		SolutionGuid = {D5568625-5638-4B57-A5D9-E64DE9757FF9}
	EndGlobalSection
EndGlobal
